
Microsoft Visual Studio Solution File, Format Version 12.00
# Visual Studio Version 17
VisualStudioVersion = 17.9.34728.123
MinimumVisualStudioVersion = 10.0.40219.1
Project("{FAE04EC0-301F-11D3-BF4B-00C04F79EFBC}") = "DemoGithub", "DemoGithub\DemoGithub.csproj", "{1ED63537-6C1B-471D-A363-0EB2785CC1F5}"
EndProject
Project("{FAE04EC0-301F-11D3-BF4B-00C04F79EFBC}") = "DemoGithub.UnitTest", "DemoGithub.UnitTest\DemoGithub.UnitTest.csproj", "{6CE13290-DF99-4225-B75B-CF3642218B2C}"
EndProject
Global
	GlobalSection(SolutionConfigurationPlatforms) = preSolution
		Debug|Any CPU = Debug|Any CPU
		Release|Any CPU = Release|Any CPU
	EndGlobalSection
	GlobalSection(ProjectConfigurationPlatforms) = postSolution
		{1ED63537-6C1B-471D-A363-0EB2785CC1F5}.Debug|Any CPU.ActiveCfg = Debug|Any CPU
		{1ED63537-6C1B-471D-A363-0EB2785CC1F5}.Debug|Any CPU.Build.0 = Debug|Any CPU
		{1ED63537-6C1B-471D-A363-0EB2785CC1F5}.Release|Any CPU.ActiveCfg = Release|Any CPU
		{1ED63537-6C1B-471D-A363-0EB2785CC1F5}.Release|Any CPU.Build.0 = Release|Any CPU
		{6CE13290-DF99-4225-B75B-CF3642218B2C}.Debug|Any CPU.ActiveCfg = Debug|Any CPU
		{6CE13290-DF99-4225-B75B-CF3642218B2C}.Debug|Any CPU.Build.0 = Debug|Any CPU
		{6CE13290-DF99-4225-B75B-CF3642218B2C}.Release|Any CPU.ActiveCfg = Release|Any CPU
		{6CE13290-DF99-4225-B75B-CF3642218B2C}.Release|Any CPU.Build.0 = Release|Any CPU
	EndGlobalSection
	GlobalSection(SolutionProperties) = preSolution
		HideSolutionNode = FALSE
	EndGlobalSection
	GlobalSection(ExtensibilityGlobals) = postSolution
		SolutionGuid = {4AC8E83B-8ECB-49B0-B828-9AB4707B769F}
	EndGlobalSection
EndGlobal
